
Microsoft Visual Studio Solution File, Format Version 12.00
# Visual Studio Version 16
VisualStudioVersion = 16.0.30413.136
MinimumVisualStudioVersion = 10.0.40219.1
Project("{FAE04EC0-301F-11D3-BF4B-00C04F79EFBC}") = "ExerciseA", "ExerciseA\ExerciseA.csproj", "{A6E80840-306B-4A08-8047-EEDDF698654E}"
EndProject
Project("{FAE04EC0-301F-11D3-BF4B-00C04F79EFBC}") = "ExerciseB", "ExerciseB\ExerciseB.csproj", "{94B3E6B1-73F2-4DFD-98A1-F6CDED5EF303}"
EndProject
Project("{FAE04EC0-301F-11D3-BF4B-00C04F79EFBC}") = "ExerciseC", "ExerciseC\ExerciseC.csproj", "{C37FAA9C-3A34-436B-BBD5-4DC1900E75F3}"
EndProject
Project("{FAE04EC0-301F-11D3-BF4B-00C04F79EFBC}") = "ExerciseD", "ExerciseD\ExerciseD.csproj", "{C356B9F5-DFD5-4D12-B1A3-7E75E69586ED}"
EndProject
Global
	GlobalSection(SolutionConfigurationPlatforms) = preSolution
		Debug|Any CPU = Debug|Any CPU
		Release|Any CPU = Release|Any CPU
	EndGlobalSection
	GlobalSection(ProjectConfigurationPlatforms) = postSolution
		{A6E80840-306B-4A08-8047-EEDDF698654E}.Debug|Any CPU.ActiveCfg = Debug|Any CPU
		{A6E80840-306B-4A08-8047-EEDDF698654E}.Debug|Any CPU.Build.0 = Debug|Any CPU
		{A6E80840-306B-4A08-8047-EEDDF698654E}.Release|Any CPU.ActiveCfg = Release|Any CPU
		{A6E80840-306B-4A08-8047-EEDDF698654E}.Release|Any CPU.Build.0 = Release|Any CPU
		{94B3E6B1-73F2-4DFD-98A1-F6CDED5EF303}.Debug|Any CPU.ActiveCfg = Debug|Any CPU
		{94B3E6B1-73F2-4DFD-98A1-F6CDED5EF303}.Debug|Any CPU.Build.0 = Debug|Any CPU
		{94B3E6B1-73F2-4DFD-98A1-F6CDED5EF303}.Release|Any CPU.ActiveCfg = Release|Any CPU
		{94B3E6B1-73F2-4DFD-98A1-F6CDED5EF303}.Release|Any CPU.Build.0 = Release|Any CPU
		{C37FAA9C-3A34-436B-BBD5-4DC1900E75F3}.Debug|Any CPU.ActiveCfg = Debug|Any CPU
		{C37FAA9C-3A34-436B-BBD5-4DC1900E75F3}.Debug|Any CPU.Build.0 = Debug|Any CPU
		{C37FAA9C-3A34-436B-BBD5-4DC1900E75F3}.Release|Any CPU.ActiveCfg = Release|Any CPU
		{C37FAA9C-3A34-436B-BBD5-4DC1900E75F3}.Release|Any CPU.Build.0 = Release|Any CPU
		{C356B9F5-DFD5-4D12-B1A3-7E75E69586ED}.Debug|Any CPU.ActiveCfg = Debug|Any CPU
		{C356B9F5-DFD5-4D12-B1A3-7E75E69586ED}.Debug|Any CPU.Build.0 = Debug|Any CPU
		{C356B9F5-DFD5-4D12-B1A3-7E75E69586ED}.Release|Any CPU.ActiveCfg = Release|Any CPU
		{C356B9F5-DFD5-4D12-B1A3-7E75E69586ED}.Release|Any CPU.Build.0 = Release|Any CPU
	EndGlobalSection
	GlobalSection(SolutionProperties) = preSolution
		HideSolutionNode = FALSE
	EndGlobalSection
	GlobalSection(ExtensibilityGlobals) = postSolution
		SolutionGuid = {13D7733F-3352-473E-B794-D6159ED5AE5B}
	EndGlobalSection
EndGlobal
